
Microsoft Visual Studio Solution File, Format Version 12.00
# Visual Studio Version 17
VisualStudioVersion = 17.4.33122.133
MinimumVisualStudioVersion = 10.0.40219.1
Project("{8BC9CEB8-8B4A-11D0-8D11-00A0C91BC942}") = "Multi-Threading", "Multi-Threading\Multi-Threading.vcxproj", "{F1D97A37-8264-4BCC-8473-C1B1A18FCEBA}"
EndProject
Global
	GlobalSection(SolutionConfigurationPlatforms) = preSolution
		Debug|x64 = Debug|x64
		Debug|x86 = Debug|x86
		Release|x64 = Release|x64
		Release|x86 = Release|x86
	EndGlobalSection
	GlobalSection(ProjectConfigurationPlatforms) = postSolution
		{F1D97A37-8264-4BCC-8473-C1B1A18FCEBA}.Debug|x64.ActiveCfg = Debug|x64
		{F1D97A37-8264-4BCC-8473-C1B1A18FCEBA}.Debug|x64.Build.0 = Debug|x64
		{F1D97A37-8264-4BCC-8473-C1B1A18FCEBA}.Debug|x86.ActiveCfg = Debug|Win32
		{F1D97A37-8264-4BCC-8473-C1B1A18FCEBA}.Debug|x86.Build.0 = Debug|Win32
		{F1D97A37-8264-4BCC-8473-C1B1A18FCEBA}.Release|x64.ActiveCfg = Release|x64
		{F1D97A37-8264-4BCC-8473-C1B1A18FCEBA}.Release|x64.Build.0 = Release|x64
		{F1D97A37-8264-4BCC-8473-C1B1A18FCEBA}.Release|x86.ActiveCfg = Release|Win32
		{F1D97A37-8264-4BCC-8473-C1B1A18FCEBA}.Release|x86.Build.0 = Release|Win32
	EndGlobalSection
	GlobalSection(SolutionProperties) = preSolution
		HideSolutionNode = FALSE
	EndGlobalSection
	GlobalSection(ExtensibilityGlobals) = postSolution
		SolutionGuid = {D28270AB-C66B-4338-8B90-FA650F1C58D8}
	EndGlobalSection
EndGlobal
